
Microsoft Visual Studio Solution File, Format Version 12.00
Project("{FAE04EC0-301F-11D3-BF4B-00C04F79EFBC}") = "EfCoreExpressionBug", "EfCoreExpressionBug\EfCoreExpressionBug.csproj", "{9E27F22F-C8BD-42D0-AEBD-FE214A5DCBB0}"
EndProject
Project("{2150E333-8FDC-42A3-9474-1A3956D46DE8}") = "Backend", "Backend", "{4413113E-F610-4EC3-8AF1-CCD6EB9057EB}"
EndProject
Project("{FAE04EC0-301F-11D3-BF4B-00C04F79EFBC}") = "Models", "Backend\Models\Models.csproj", "{4E43FA1B-BD90-4A19-AEB1-0E7269A4B22B}"
EndProject
Project("{FAE04EC0-301F-11D3-BF4B-00C04F79EFBC}") = "Data", "Backend\Data\Data.csproj", "{92439BA8-6098-407A-A407-FA1D7667EB5B}"
EndProject
Project("{FAE04EC0-301F-11D3-BF4B-00C04F79EFBC}") = "Api", "Api\Api.csproj", "{165183BC-8B95-4BDC-ACA7-0D608D54307D}"
EndProject
Global
	GlobalSection(SolutionConfigurationPlatforms) = preSolution
		Debug|Any CPU = Debug|Any CPU
		Release|Any CPU = Release|Any CPU
	EndGlobalSection
	GlobalSection(ProjectConfigurationPlatforms) = postSolution
		{9E27F22F-C8BD-42D0-AEBD-FE214A5DCBB0}.Debug|Any CPU.ActiveCfg = Debug|Any CPU
		{9E27F22F-C8BD-42D0-AEBD-FE214A5DCBB0}.Debug|Any CPU.Build.0 = Debug|Any CPU
		{9E27F22F-C8BD-42D0-AEBD-FE214A5DCBB0}.Release|Any CPU.ActiveCfg = Release|Any CPU
		{9E27F22F-C8BD-42D0-AEBD-FE214A5DCBB0}.Release|Any CPU.Build.0 = Release|Any CPU
		{4E43FA1B-BD90-4A19-AEB1-0E7269A4B22B}.Debug|Any CPU.ActiveCfg = Debug|Any CPU
		{4E43FA1B-BD90-4A19-AEB1-0E7269A4B22B}.Debug|Any CPU.Build.0 = Debug|Any CPU
		{4E43FA1B-BD90-4A19-AEB1-0E7269A4B22B}.Release|Any CPU.ActiveCfg = Release|Any CPU
		{4E43FA1B-BD90-4A19-AEB1-0E7269A4B22B}.Release|Any CPU.Build.0 = Release|Any CPU
		{92439BA8-6098-407A-A407-FA1D7667EB5B}.Debug|Any CPU.ActiveCfg = Debug|Any CPU
		{92439BA8-6098-407A-A407-FA1D7667EB5B}.Debug|Any CPU.Build.0 = Debug|Any CPU
		{92439BA8-6098-407A-A407-FA1D7667EB5B}.Release|Any CPU.ActiveCfg = Release|Any CPU
		{92439BA8-6098-407A-A407-FA1D7667EB5B}.Release|Any CPU.Build.0 = Release|Any CPU
		{165183BC-8B95-4BDC-ACA7-0D608D54307D}.Debug|Any CPU.ActiveCfg = Debug|Any CPU
		{165183BC-8B95-4BDC-ACA7-0D608D54307D}.Debug|Any CPU.Build.0 = Debug|Any CPU
		{165183BC-8B95-4BDC-ACA7-0D608D54307D}.Release|Any CPU.ActiveCfg = Release|Any CPU
		{165183BC-8B95-4BDC-ACA7-0D608D54307D}.Release|Any CPU.Build.0 = Release|Any CPU
	EndGlobalSection
	GlobalSection(NestedProjects) = preSolution
		{4E43FA1B-BD90-4A19-AEB1-0E7269A4B22B} = {4413113E-F610-4EC3-8AF1-CCD6EB9057EB}
		{92439BA8-6098-407A-A407-FA1D7667EB5B} = {4413113E-F610-4EC3-8AF1-CCD6EB9057EB}
	EndGlobalSection
EndGlobal
